// !$*UTF8*$!
{
	archiveVersion = 1;
	classes = {
	};
	objectVersion = 51;
	objects = {

/* Begin PBXBuildFile section */
		A407C35426473A8600FE7D58 /* Preference.swift in Sources */ = {isa = PBXBuildFile; fileRef = A407C35326473A8600FE7D58 /* Preference.swift */; };
		A410F3C32643503700DEA9CA /* DogDetailViewController.swift in Sources */ = {isa = PBXBuildFile; fileRef = A410F3C22643503700DEA9CA /* DogDetailViewController.swift */; };
		A410F3C6264376FB00DEA9CA /* Dog.swift in Sources */ = {isa = PBXBuildFile; fileRef = A410F3C5264376FB00DEA9CA /* Dog.swift */; };
		A410F3CC264380B700DEA9CA /* LikesViewController.swift in Sources */ = {isa = PBXBuildFile; fileRef = A410F3CB264380B700DEA9CA /* LikesViewController.swift */; };
		A410F3CF264383E400DEA9CA /* LikeTableViewCell.swift in Sources */ = {isa = PBXBuildFile; fileRef = A410F3CE264383E400DEA9CA /* LikeTableViewCell.swift */; };
		A410F413264399B200DEA9CA /* Dogs.swift in Sources */ = {isa = PBXBuildFile; fileRef = A410F412264399B200DEA9CA /* Dogs.swift */; };
		A410F4B02643A4E700DEA9CA /* Photo.swift in Sources */ = {isa = PBXBuildFile; fileRef = A410F4AF2643A4E700DEA9CA /* Photo.swift */; };
		A410F4B32643B1AC00DEA9CA /* Photos.swift in Sources */ = {isa = PBXBuildFile; fileRef = A410F4B22643B1AC00DEA9CA /* Photos.swift */; };
		A410F4D52643D15100DEA9CA /* UIViewController+alert.swift in Sources */ = {isa = PBXBuildFile; fileRef = A410F4D42643D15100DEA9CA /* UIViewController+alert.swift */; };
		A410F5162643DB8800DEA9CA /* LikedDogs.swift in Sources */ = {isa = PBXBuildFile; fileRef = A410F5152643DB8800DEA9CA /* LikedDogs.swift */; };
		A410F5192643DBFF00DEA9CA /* LikedDog.swift in Sources */ = {isa = PBXBuildFile; fileRef = A410F5182643DBFF00DEA9CA /* LikedDog.swift */; };
		A410F5982644AB3500DEA9CA /* ProfileViewController.swift in Sources */ = {isa = PBXBuildFile; fileRef = A410F5972644AB3500DEA9CA /* ProfileViewController.swift */; };
		A410F6362644CB2500DEA9CA /* Preferences.swift in Sources */ = {isa = PBXBuildFile; fileRef = A410F6352644CB2500DEA9CA /* Preferences.swift */; };
		A410F67B2644D5AD00DEA9CA /* NewDogTableViewController.swift in Sources */ = {isa = PBXBuildFile; fileRef = A410F67A2644D5AD00DEA9CA /* NewDogTableViewController.swift */; };
		A42625D02652165F00C5BF2F /* APIkey.swift in Sources */ = {isa = PBXBuildFile; fileRef = A42625CF2652165F00C5BF2F /* APIkey.swift */; };
		A44AFD1A2639F31800521CF5 /* AppDelegate.swift in Sources */ = {isa = PBXBuildFile; fileRef = A44AFD192639F31800521CF5 /* AppDelegate.swift */; };
		A44AFD1C2639F31800521CF5 /* SceneDelegate.swift in Sources */ = {isa = PBXBuildFile; fileRef = A44AFD1B2639F31800521CF5 /* SceneDelegate.swift */; };
		A44AFD1E2639F31800521CF5 /* LogInViewController.swift in Sources */ = {isa = PBXBuildFile; fileRef = A44AFD1D2639F31800521CF5 /* LogInViewController.swift */; };
		A44AFD212639F31800521CF5 /* Main.storyboard in Resources */ = {isa = PBXBuildFile; fileRef = A44AFD1F2639F31800521CF5 /* Main.storyboard */; };
		A44AFD232639F31A00521CF5 /* Assets.xcassets in Resources */ = {isa = PBXBuildFile; fileRef = A44AFD222639F31A00521CF5 /* Assets.xcassets */; };
		A44AFD262639F31A00521CF5 /* LaunchScreen.storyboard in Resources */ = {isa = PBXBuildFile; fileRef = A44AFD242639F31A00521CF5 /* LaunchScreen.storyboard */; };
		A44AFD4F2639F6D800521CF5 /* GoogleService-Info.plist in Resources */ = {isa = PBXBuildFile; fileRef = A44AFD4E2639F6D800521CF5 /* GoogleService-Info.plist */; };
		B68E3ACC3B9E56DF061289A5 /* Pods_Spot.framework in Frameworks */ = {isa = PBXBuildFile; fileRef = 190A29D9A9BF2B963298EDD7 /* Pods_Spot.framework */; };
/* End PBXBuildFile section */

/* Begin PBXFileReference section */
		190A29D9A9BF2B963298EDD7 /* Pods_Spot.framework */ = {isa = PBXFileReference; explicitFileType = wrapper.framework; includeInIndex = 0; path = Pods_Spot.framework; sourceTree = BUILT_PRODUCTS_DIR; };
		A23CA586036A7434245ED538 /* Pods-Spot.debug.xcconfig */ = {isa = PBXFileReference; includeInIndex = 1; lastKnownFileType = text.xcconfig; name = "Pods-Spot.debug.xcconfig"; path = "Target Support Files/Pods-Spot/Pods-Spot.debug.xcconfig"; sourceTree = "<group>"; };
		A407C35326473A8600FE7D58 /* Preference.swift */ = {isa = PBXFileReference; lastKnownFileType = sourcecode.swift; path = Preference.swift; sourceTree = "<group>"; };
		A410F3C22643503700DEA9CA /* DogDetailViewController.swift */ = {isa = PBXFileReference; lastKnownFileType = sourcecode.swift; path = DogDetailViewController.swift; sourceTree = "<group>"; };
		A410F3C5264376FB00DEA9CA /* Dog.swift */ = {isa = PBXFileReference; lastKnownFileType = sourcecode.swift; path = Dog.swift; sourceTree = "<group>"; };
		A410F3CB264380B700DEA9CA /* LikesViewController.swift */ = {isa = PBXFileReference; lastKnownFileType = sourcecode.swift; path = LikesViewController.swift; sourceTree = "<group>"; };
		A410F3CE264383E400DEA9CA /* LikeTableViewCell.swift */ = {isa = PBXFileReference; lastKnownFileType = sourcecode.swift; path = LikeTableViewCell.swift; sourceTree = "<group>"; };
		A410F412264399B200DEA9CA /* Dogs.swift */ = {isa = PBXFileReference; lastKnownFileType = sourcecode.swift; path = Dogs.swift; sourceTree = "<group>"; };
		A410F4AF2643A4E700DEA9CA /* Photo.swift */ = {isa = PBXFileReference; lastKnownFileType = sourcecode.swift; path = Photo.swift; sourceTree = "<group>"; };
		A410F4B22643B1AC00DEA9CA /* Photos.swift */ = {isa = PBXFileReference; lastKnownFileType = sourcecode.swift; path = Photos.swift; sourceTree = "<group>"; };
		A410F4D42643D15100DEA9CA /* UIViewController+alert.swift */ = {isa = PBXFileReference; fileEncoding = 4; lastKnownFileType = sourcecode.swift; path = "UIViewController+alert.swift"; sourceTree = "<group>"; };
		A410F5152643DB8800DEA9CA /* LikedDogs.swift */ = {isa = PBXFileReference; lastKnownFileType = sourcecode.swift; path = LikedDogs.swift; sourceTree = "<group>"; };
		A410F5182643DBFF00DEA9CA /* LikedDog.swift */ = {isa = PBXFileReference; lastKnownFileType = sourcecode.swift; path = LikedDog.swift; sourceTree = "<group>"; };
		A410F5972644AB3500DEA9CA /* ProfileViewController.swift */ = {isa = PBXFileReference; lastKnownFileType = sourcecode.swift; path = ProfileViewController.swift; sourceTree = "<group>"; };
		A410F6352644CB2500DEA9CA /* Preferences.swift */ = {isa = PBXFileReference; lastKnownFileType = sourcecode.swift; path = Preferences.swift; sourceTree = "<group>"; };
		A410F67A2644D5AD00DEA9CA /* NewDogTableViewController.swift */ = {isa = PBXFileReference; lastKnownFileType = sourcecode.swift; path = NewDogTableViewController.swift; sourceTree = "<group>"; };
		A42625CF2652165F00C5BF2F /* APIkey.swift */ = {isa = PBXFileReference; lastKnownFileType = sourcecode.swift; path = APIkey.swift; sourceTree = "<group>"; };
		A44AFD162639F31800521CF5 /* Spot.app */ = {isa = PBXFileReference; explicitFileType = wrapper.application; includeInIndex = 0; path = Spot.app; sourceTree = BUILT_PRODUCTS_DIR; };
		A44AFD192639F31800521CF5 /* AppDelegate.swift */ = {isa = PBXFileReference; lastKnownFileType = sourcecode.swift; path = AppDelegate.swift; sourceTree = "<group>"; };
		A44AFD1B2639F31800521CF5 /* SceneDelegate.swift */ = {isa = PBXFileReference; lastKnownFileType = sourcecode.swift; path = SceneDelegate.swift; sourceTree = "<group>"; };
		A44AFD1D2639F31800521CF5 /* LogInViewController.swift */ = {isa = PBXFileReference; lastKnownFileType = sourcecode.swift; path = LogInViewController.swift; sourceTree = "<group>"; };
		A44AFD202639F31800521CF5 /* Base */ = {isa = PBXFileReference; lastKnownFileType = file.storyboard; name = Base; path = Base.lproj/Main.storyboard; sourceTree = "<group>"; };
		A44AFD222639F31A00521CF5 /* Assets.xcassets */ = {isa = PBXFileReference; lastKnownFileType = folder.assetcatalog; path = Assets.xcassets; sourceTree = "<group>"; };
		A44AFD252639F31A00521CF5 /* Base */ = {isa = PBXFileReference; lastKnownFileType = file.storyboard; name = Base; path = Base.lproj/LaunchScreen.storyboard; sourceTree = "<group>"; };
		A44AFD272639F31A00521CF5 /* Info.plist */ = {isa = PBXFileReference; lastKnownFileType = text.plist.xml; path = Info.plist; sourceTree = "<group>"; };
		A44AFD4E2639F6D800521CF5 /* GoogleService-Info.plist */ = {isa = PBXFileReference; lastKnownFileType = text.plist; path = "GoogleService-Info.plist"; sourceTree = SOURCE_ROOT; };
		F4439ED9770BE80AD06C8140 /* Pods-Spot.release.xcconfig */ = {isa = PBXFileReference; includeInIndex = 1; lastKnownFileType = text.xcconfig; name = "Pods-Spot.release.xcconfig"; path = "Target Support Files/Pods-Spot/Pods-Spot.release.xcconfig"; sourceTree = "<group>"; };
/* End PBXFileReference section */

/* Begin PBXFrameworksBuildPhase section */
		A44AFD132639F31800521CF5 /* Frameworks */ = {
			isa = PBXFrameworksBuildPhase;
			buildActionMask = 2147483647;
			files = (
				B68E3ACC3B9E56DF061289A5 /* Pods_Spot.framework in Frameworks */,
			);
			runOnlyForDeploymentPostprocessing = 0;
		};
/* End PBXFrameworksBuildPhase section */

/* Begin PBXGroup section */
		A25DCF24103563D5A964582B /* Pods */ = {
			isa = PBXGroup;
			children = (
				A23CA586036A7434245ED538 /* Pods-Spot.debug.xcconfig */,
				F4439ED9770BE80AD06C8140 /* Pods-Spot.release.xcconfig */,
			);
			path = Pods;
			sourceTree = "<group>";
		};
		A44AFD0D2639F31800521CF5 = {
			isa = PBXGroup;
			children = (
				A44AFD182639F31800521CF5 /* Spot */,
				A44AFD172639F31800521CF5 /* Products */,
				A25DCF24103563D5A964582B /* Pods */,
				C9CB9B6E894D28C01F02CE42 /* Frameworks */,
			);
			sourceTree = "<group>";
		};
		A44AFD172639F31800521CF5 /* Products */ = {
			isa = PBXGroup;
			children = (
				A44AFD162639F31800521CF5 /* Spot.app */,
			);
			name = Products;
			sourceTree = "<group>";
		};
		A44AFD182639F31800521CF5 /* Spot */ = {
			isa = PBXGroup;
			children = (
				A44AFD192639F31800521CF5 /* AppDelegate.swift */,
				A42625CF2652165F00C5BF2F /* APIkey.swift */,
				A44AFD1B2639F31800521CF5 /* SceneDelegate.swift */,
				A410F3C5264376FB00DEA9CA /* Dog.swift */,
				A410F412264399B200DEA9CA /* Dogs.swift */,
				A410F5182643DBFF00DEA9CA /* LikedDog.swift */,
				A410F5152643DB8800DEA9CA /* LikedDogs.swift */,
				A410F4AF2643A4E700DEA9CA /* Photo.swift */,
				A410F4B22643B1AC00DEA9CA /* Photos.swift */,
				A407C35326473A8600FE7D58 /* Preference.swift */,
				A410F6352644CB2500DEA9CA /* Preferences.swift */,
				A44AFD1D2639F31800521CF5 /* LogInViewController.swift */,
				A410F3C22643503700DEA9CA /* DogDetailViewController.swift */,
				A410F5972644AB3500DEA9CA /* ProfileViewController.swift */,
				A410F67A2644D5AD00DEA9CA /* NewDogTableViewController.swift */,
				A410F3CB264380B700DEA9CA /* LikesViewController.swift */,
				A410F3CE264383E400DEA9CA /* LikeTableViewCell.swift */,
				A410F4D42643D15100DEA9CA /* UIViewController+alert.swift */,
				A44AFD1F2639F31800521CF5 /* Main.storyboard */,
				A44AFD222639F31A00521CF5 /* Assets.xcassets */,
				A44AFD242639F31A00521CF5 /* LaunchScreen.storyboard */,
				A44AFD272639F31A00521CF5 /* Info.plist */,
				A44AFD4E2639F6D800521CF5 /* GoogleService-Info.plist */,
			);
			path = Spot;
			sourceTree = "<group>";
		};
		C9CB9B6E894D28C01F02CE42 /* Frameworks */ = {
			isa = PBXGroup;
			children = (
				190A29D9A9BF2B963298EDD7 /* Pods_Spot.framework */,
			);
			name = Frameworks;
			sourceTree = "<group>";
		};
/* End PBXGroup section */

/* Begin PBXNativeTarget section */
		A44AFD152639F31800521CF5 /* Spot */ = {
			isa = PBXNativeTarget;
			buildConfigurationList = A44AFD2A2639F31A00521CF5 /* Build configuration list for PBXNativeTarget "Spot" */;
			buildPhases = (
				BBD2ACFA454002D6D5C9E02D /* [CP] Check Pods Manifest.lock */,
				A44AFD122639F31800521CF5 /* Sources */,
				A44AFD132639F31800521CF5 /* Frameworks */,
				A44AFD142639F31800521CF5 /* Resources */,
				038E8CCFBAE9212A205EE010 /* [CP] Embed Pods Frameworks */,
				3AE39654D00E6D41D300C008 /* [CP] Copy Pods Resources */,
			);
			buildRules = (
			);
			dependencies = (
			);
			name = Spot;
			productName = Spot;
			productReference = A44AFD162639F31800521CF5 /* Spot.app */;
			productType = "com.apple.product-type.application";
		};
/* End PBXNativeTarget section */

/* Begin PBXProject section */
		A44AFD0E2639F31800521CF5 /* Project object */ = {
			isa = PBXProject;
			attributes = {
				LastSwiftUpdateCheck = 1240;
				LastUpgradeCheck = 1240;
				TargetAttributes = {
					A44AFD152639F31800521CF5 = {
						CreatedOnToolsVersion = 12.4;
					};
				};
			};
			buildConfigurationList = A44AFD112639F31800521CF5 /* Build configuration list for PBXProject "Spot" */;
			compatibilityVersion = "Xcode 9.3";
			developmentRegion = en;
			hasScannedForEncodings = 0;
			knownRegions = (
				en,
				Base,
			);
			mainGroup = A44AFD0D2639F31800521CF5;
			productRefGroup = A44AFD172639F31800521CF5 /* Products */;
			projectDirPath = "";
			projectRoot = "";
			targets = (
				A44AFD152639F31800521CF5 /* Spot */,
			);
		};
/* End PBXProject section */

/* Begin PBXResourcesBuildPhase section */
		A44AFD142639F31800521CF5 /* Resources */ = {
			isa = PBXResourcesBuildPhase;
			buildActionMask = 2147483647;
			files = (
				A44AFD262639F31A00521CF5 /* LaunchScreen.storyboard in Resources */,
				A44AFD4F2639F6D800521CF5 /* GoogleService-Info.plist in Resources */,
				A44AFD232639F31A00521CF5 /* Assets.xcassets in Resources */,
				A44AFD212639F31800521CF5 /* Main.storyboard in Resources */,
			);
			runOnlyForDeploymentPostprocessing = 0;
		};
/* End PBXResourcesBuildPhase section */

/* Begin PBXShellScriptBuildPhase section */
		038E8CCFBAE9212A205EE010 /* [CP] Embed Pods Frameworks */ = {
			isa = PBXShellScriptBuildPhase;
			buildActionMask = 2147483647;
			files = (
			);
			inputFileListPaths = (
				"${PODS_ROOT}/Target Support Files/Pods-Spot/Pods-Spot-frameworks-${CONFIGURATION}-input-files.xcfilelist",
			);
			name = "[CP] Embed Pods Frameworks";
			outputFileListPaths = (
				"${PODS_ROOT}/Target Support Files/Pods-Spot/Pods-Spot-frameworks-${CONFIGURATION}-output-files.xcfilelist",
			);
			runOnlyForDeploymentPostprocessing = 0;
			shellPath = /bin/sh;
			shellScript = "\"${PODS_ROOT}/Target Support Files/Pods-Spot/Pods-Spot-frameworks.sh\"\n";
			showEnvVarsInLog = 0;
		};
		3AE39654D00E6D41D300C008 /* [CP] Copy Pods Resources */ = {
			isa = PBXShellScriptBuildPhase;
			buildActionMask = 2147483647;
			files = (
			);
			inputFileListPaths = (
				"${PODS_ROOT}/Target Support Files/Pods-Spot/Pods-Spot-resources-${CONFIGURATION}-input-files.xcfilelist",
			);
			name = "[CP] Copy Pods Resources";
			outputFileListPaths = (
				"${PODS_ROOT}/Target Support Files/Pods-Spot/Pods-Spot-resources-${CONFIGURATION}-output-files.xcfilelist",
			);
			runOnlyForDeploymentPostprocessing = 0;
			shellPath = /bin/sh;
			shellScript = "\"${PODS_ROOT}/Target Support Files/Pods-Spot/Pods-Spot-resources.sh\"\n";
			showEnvVarsInLog = 0;
		};
		BBD2ACFA454002D6D5C9E02D /* [CP] Check Pods Manifest.lock */ = {
			isa = PBXShellScriptBuildPhase;
			buildActionMask = 2147483647;
			files = (
			);
			inputFileListPaths = (
			);
			inputPaths = (
				"${PODS_PODFILE_DIR_PATH}/Podfile.lock",
				"${PODS_ROOT}/Manifest.lock",
			);
			name = "[CP] Check Pods Manifest.lock";
			outputFileListPaths = (
			);
			outputPaths = (
				"$(DERIVED_FILE_DIR)/Pods-Spot-checkManifestLockResult.txt",
			);
			runOnlyForDeploymentPostprocessing = 0;
			shellPath = /bin/sh;
			shellScript = "diff \"${PODS_PODFILE_DIR_PATH}/Podfile.lock\" \"${PODS_ROOT}/Manifest.lock\" > /dev/null\nif [ $? != 0 ] ; then\n    # print error to STDERR\n    echo \"error: The sandbox is not in sync with the Podfile.lock. Run 'pod install' or update your CocoaPods installation.\" >&2\n    exit 1\nfi\n# This output is used by Xcode 'outputs' to avoid re-running this script phase.\necho \"SUCCESS\" > \"${SCRIPT_OUTPUT_FILE_0}\"\n";
			showEnvVarsInLog = 0;
		};
/* End PBXShellScriptBuildPhase section */

/* Begin PBXSourcesBuildPhase section */
		A44AFD122639F31800521CF5 /* Sources */ = {
			isa = PBXSourcesBuildPhase;
			buildActionMask = 2147483647;
			files = (
				A410F4B32643B1AC00DEA9CA /* Photos.swift in Sources */,
				A410F5192643DBFF00DEA9CA /* LikedDog.swift in Sources */,
				A410F4D52643D15100DEA9CA /* UIViewController+alert.swift in Sources */,
				A410F3CC264380B700DEA9CA /* LikesViewController.swift in Sources */,
				A410F3C32643503700DEA9CA /* DogDetailViewController.swift in Sources */,
				A42625D02652165F00C5BF2F /* APIkey.swift in Sources */,
				A410F6362644CB2500DEA9CA /* Preferences.swift in Sources */,
				A407C35426473A8600FE7D58 /* Preference.swift in Sources */,
				A410F5982644AB3500DEA9CA /* ProfileViewController.swift in Sources */,
				A410F3CF264383E400DEA9CA /* LikeTableViewCell.swift in Sources */,
				A44AFD1E2639F31800521CF5 /* LogInViewController.swift in Sources */,
				A44AFD1A2639F31800521CF5 /* AppDelegate.swift in Sources */,
				A410F5162643DB8800DEA9CA /* LikedDogs.swift in Sources */,
				A410F3C6264376FB00DEA9CA /* Dog.swift in Sources */,
				A410F4B02643A4E700DEA9CA /* Photo.swift in Sources */,
				A410F67B2644D5AD00DEA9CA /* NewDogTableViewController.swift in Sources */,
				A410F413264399B200DEA9CA /* Dogs.swift in Sources */,
				A44AFD1C2639F31800521CF5 /* SceneDelegate.swift in Sources */,
			);
			runOnlyForDeploymentPostprocessing = 0;
		};
/* End PBXSourcesBuildPhase section */

/* Begin PBXVariantGroup section */
		A44AFD1F2639F31800521CF5 /* Main.storyboard */ = {
			isa = PBXVariantGroup;
			children = (
				A44AFD202639F31800521CF5 /* Base */,
			);
			name = Main.storyboard;
			sourceTree = "<group>";
		};
		A44AFD242639F31A00521CF5 /* LaunchScreen.storyboard */ = {
			isa = PBXVariantGroup;
			children = (
				A44AFD252639F31A00521CF5 /* Base */,
			);
			name = LaunchScreen.storyboard;
			sourceTree = "<group>";
		};
/* End PBXVariantGroup section */

/* Begin XCBuildConfiguration section */
		A44AFD282639F31A00521CF5 /* Debug */ = {
			isa = XCBuildConfiguration;
			buildSettings = {
				ALWAYS_SEARCH_USER_PATHS = NO;
				CLANG_ANALYZER_NONNULL = YES;
				CLANG_ANALYZER_NUMBER_OBJECT_CONVERSION = YES_AGGRESSIVE;
				CLANG_CXX_LANGUAGE_STANDARD = "gnu++14";
				CLANG_CXX_LIBRARY = "libc++";
				CLANG_ENABLE_MODULES = YES;
				CLANG_ENABLE_OBJC_ARC = YES;
				CLANG_ENABLE_OBJC_WEAK = YES;
				CLANG_WARN_BLOCK_CAPTURE_AUTORELEASING = YES;
				CLANG_WARN_BOOL_CONVERSION = YES;
				CLANG_WARN_COMMA = YES;
				CLANG_WARN_CONSTANT_CONVERSION = YES;
				CLANG_WARN_DEPRECATED_OBJC_IMPLEMENTATIONS = YES;
				CLANG_WARN_DIRECT_OBJC_ISA_USAGE = YES_ERROR;
				CLANG_WARN_DOCUMENTATION_COMMENTS = YES;
				CLANG_WARN_EMPTY_BODY = YES;
				CLANG_WARN_ENUM_CONVERSION = YES;
				CLANG_WARN_INFINITE_RECURSION = YES;
				CLANG_WARN_INT_CONVERSION = YES;
				CLANG_WARN_NON_LITERAL_NULL_CONVERSION = YES;
				CLANG_WARN_OBJC_IMPLICIT_RETAIN_SELF = YES;
				CLANG_WARN_OBJC_LITERAL_CONVERSION = YES;
				CLANG_WARN_OBJC_ROOT_CLASS = YES_ERROR;
				CLANG_WARN_QUOTED_INCLUDE_IN_FRAMEWORK_HEADER = YES;
				CLANG_WARN_RANGE_LOOP_ANALYSIS = YES;
				CLANG_WARN_STRICT_PROTOTYPES = YES;
				CLANG_WARN_SUSPICIOUS_MOVE = YES;
				CLANG_WARN_UNGUARDED_AVAILABILITY = YES_AGGRESSIVE;
				CLANG_WARN_UNREACHABLE_CODE = YES;
				CLANG_WARN__DUPLICATE_METHOD_MATCH = YES;
				COPY_PHASE_STRIP = NO;
				DEBUG_INFORMATION_FORMAT = dwarf;
				ENABLE_STRICT_OBJC_MSGSEND = YES;
				ENABLE_TESTABILITY = YES;
				GCC_C_LANGUAGE_STANDARD = gnu11;
				GCC_DYNAMIC_NO_PIC = NO;
				GCC_NO_COMMON_BLOCKS = YES;
				GCC_OPTIMIZATION_LEVEL = 0;
				GCC_PREPROCESSOR_DEFINITIONS = (
					"DEBUG=1",
					"$(inherited)",
				);
				GCC_WARN_64_TO_32_BIT_CONVERSION = YES;
				GCC_WARN_ABOUT_RETURN_TYPE = YES_ERROR;
				GCC_WARN_UNDECLARED_SELECTOR = YES;
				GCC_WARN_UNINITIALIZED_AUTOS = YES_AGGRESSIVE;
				GCC_WARN_UNUSED_FUNCTION = YES;
				GCC_WARN_UNUSED_VARIABLE = YES;
				IPHONEOS_DEPLOYMENT_TARGET = 14.4;
				MTL_ENABLE_DEBUG_INFO = INCLUDE_SOURCE;
				MTL_FAST_MATH = YES;
				ONLY_ACTIVE_ARCH = YES;
				SDKROOT = iphoneos;
				SWIFT_ACTIVE_COMPILATION_CONDITIONS = DEBUG;
				SWIFT_OPTIMIZATION_LEVEL = "-Onone";
			};
			name = Debug;
		};
		A44AFD292639F31A00521CF5 /* Release */ = {
			isa = XCBuildConfiguration;
			buildSettings = {
				ALWAYS_SEARCH_USER_PATHS = NO;
				CLANG_ANALYZER_NONNULL = YES;
				CLANG_ANALYZER_NUMBER_OBJECT_CONVERSION = YES_AGGRESSIVE;
				CLANG_CXX_LANGUAGE_STANDARD = "gnu++14";
				CLANG_CXX_LIBRARY = "libc++";
				CLANG_ENABLE_MODULES = YES;
				CLANG_ENABLE_OBJC_ARC = YES;
				CLANG_ENABLE_OBJC_WEAK = YES;
				CLANG_WARN_BLOCK_CAPTURE_AUTORELEASING = YES;
				CLANG_WARN_BOOL_CONVERSION = YES;
				CLANG_WARN_COMMA = YES;
				CLANG_WARN_CONSTANT_CONVERSION = YES;
				CLANG_WARN_DEPRECATED_OBJC_IMPLEMENTATIONS = YES;
				CLANG_WARN_DIRECT_OBJC_ISA_USAGE = YES_ERROR;
				CLANG_WARN_DOCUMENTATION_COMMENTS = YES;
				CLANG_WARN_EMPTY_BODY = YES;
				CLANG_WARN_ENUM_CONVERSION = YES;
				CLANG_WARN_INFINITE_RECURSION = YES;
				CLANG_WARN_INT_CONVERSION = YES;
				CLANG_WARN_NON_LITERAL_NULL_CONVERSION = YES;
				CLANG_WARN_OBJC_IMPLICIT_RETAIN_SELF = YES;
				CLANG_WARN_OBJC_LITERAL_CONVERSION = YES;
				CLANG_WARN_OBJC_ROOT_CLASS = YES_ERROR;
				CLANG_WARN_QUOTED_INCLUDE_IN_FRAMEWORK_HEADER = YES;
				CLANG_WARN_RANGE_LOOP_ANALYSIS = YES;
				CLANG_WARN_STRICT_PROTOTYPES = YES;
				CLANG_WARN_SUSPICIOUS_MOVE = YES;
				CLANG_WARN_UNGUARDED_AVAILABILITY = YES_AGGRESSIVE;
				CLANG_WARN_UNREACHABLE_CODE = YES;
				CLANG_WARN__DUPLICATE_METHOD_MATCH = YES;
				COPY_PHASE_STRIP = NO;
				DEBUG_INFORMATION_FORMAT = "dwarf-with-dsym";
				ENABLE_NS_ASSERTIONS = NO;
				ENABLE_STRICT_OBJC_MSGSEND = YES;
				GCC_C_LANGUAGE_STANDARD = gnu11;
				GCC_NO_COMMON_BLOCKS = YES;
				GCC_WARN_64_TO_32_BIT_CONVERSION = YES;
				GCC_WARN_ABOUT_RETURN_TYPE = YES_ERROR;
				GCC_WARN_UNDECLARED_SELECTOR = YES;
				GCC_WARN_UNINITIALIZED_AUTOS = YES_AGGRESSIVE;
				GCC_WARN_UNUSED_FUNCTION = YES;
				GCC_WARN_UNUSED_VARIABLE = YES;
				IPHONEOS_DEPLOYMENT_TARGET = 14.4;
				MTL_ENABLE_DEBUG_INFO = NO;
				MTL_FAST_MATH = YES;
				SDKROOT = iphoneos;
				SWIFT_COMPILATION_MODE = wholemodule;
				SWIFT_OPTIMIZATION_LEVEL = "-O";
				VALIDATE_PRODUCT = YES;
			};
			name = Release;
		};
		A44AFD2B2639F31A00521CF5 /* Debug */ = {
			isa = XCBuildConfiguration;
			baseConfigurationReference = A23CA586036A7434245ED538 /* Pods-Spot.debug.xcconfig */;
			buildSettings = {
				ASSETCATALOG_COMPILER_APPICON_NAME = AppIcon;
				ASSETCATALOG_COMPILER_GLOBAL_ACCENT_COLOR_NAME = AccentColor;
				CODE_SIGN_STYLE = Automatic;
				DEVELOPMENT_TEAM = 8J2245VJU3;
				INFOPLIST_FILE = Spot/Info.plist;
				LD_RUNPATH_SEARCH_PATHS = (
					"$(inherited)",
					"@executable_path/Frameworks",
				);
				PRODUCT_BUNDLE_IDENTIFIER = com.redmond.Spot;
				PRODUCT_NAME = "$(TARGET_NAME)";
				SWIFT_VERSION = 5.0;
				TARGETED_DEVICE_FAMILY = "1,2";
			};
			name = Debug;
		};
		A44AFD2C2639F31A00521CF5 /* Release */ = {
			isa = XCBuildConfiguration;
			baseConfigurationReference = F4439ED9770BE80AD06C8140 /* Pods-Spot.release.xcconfig */;
			buildSettings = {
				ASSETCATALOG_COMPILER_APPICON_NAME = AppIcon;
				ASSETCATALOG_COMPILER_GLOBAL_ACCENT_COLOR_NAME = AccentColor;
				CODE_SIGN_STYLE = Automatic;
				DEVELOPMENT_TEAM = 8J2245VJU3;
				INFOPLIST_FILE = Spot/Info.plist;
				LD_RUNPATH_SEARCH_PATHS = (
					"$(inherited)",
					"@executable_path/Frameworks",
				);
				PRODUCT_BUNDLE_IDENTIFIER = com.redmond.Spot;
				PRODUCT_NAME = "$(TARGET_NAME)";
				SWIFT_VERSION = 5.0;
				TARGETED_DEVICE_FAMILY = "1,2";
			};
			name = Release;
		};
/* End XCBuildConfiguration section */

/* Begin XCConfigurationList section */
		A44AFD112639F31800521CF5 /* Build configuration list for PBXProject "Spot" */ = {
			isa = XCConfigurationList;
			buildConfigurations = (
				A44AFD282639F31A00521CF5 /* Debug */,
				A44AFD292639F31A00521CF5 /* Release */,
			);
			defaultConfigurationIsVisible = 0;
			defaultConfigurationName = Release;
		};
		A44AFD2A2639F31A00521CF5 /* Build configuration list for PBXNativeTarget "Spot" */ = {
			isa = XCConfigurationList;
			buildConfigurations = (
				A44AFD2B2639F31A00521CF5 /* Debug */,
				A44AFD2C2639F31A00521CF5 /* Release */,
			);
			defaultConfigurationIsVisible = 0;
			defaultConfigurationName = Release;
		};
/* End XCConfigurationList section */
	};
	rootObject = A44AFD0E2639F31800521CF5 /* Project object */;
}
